// !$*UTF8*$!
{
	archiveVersion = 1;
	classes = {
	};
	objectVersion = 46;
	objects = {

/* Begin PBXBuildFile section */
		45F64F81A6F61578C508407C /* Pods_LightDJ.framework in Frameworks */ = {isa = PBXBuildFile; fileRef = 54268FFE72D2A06AF21BF116 /* Pods_LightDJ.framework */; };
		462E892A1CD4B3370068D7F8 /* lightdjlogo.png in Resources */ = {isa = PBXBuildFile; fileRef = 462E89291CD4B3370068D7F8 /* lightdjlogo.png */; };
		462E89471CD4B4F20068D7F8 /* Icon-24@2x.png in Resources */ = {isa = PBXBuildFile; fileRef = 462E892C1CD4B4F20068D7F8 /* Icon-24@2x.png */; };
		462E89481CD4B4F20068D7F8 /* Icon-27.5@2x.png in Resources */ = {isa = PBXBuildFile; fileRef = 462E892D1CD4B4F20068D7F8 /* Icon-27.5@2x.png */; };
		462E89491CD4B4F20068D7F8 /* Icon-29@2x.png in Resources */ = {isa = PBXBuildFile; fileRef = 462E892E1CD4B4F20068D7F8 /* Icon-29@2x.png */; };
		462E894A1CD4B4F20068D7F8 /* Icon-29@3x.png in Resources */ = {isa = PBXBuildFile; fileRef = 462E892F1CD4B4F20068D7F8 /* Icon-29@3x.png */; };
		462E894B1CD4B4F20068D7F8 /* Icon-40.png in Resources */ = {isa = PBXBuildFile; fileRef = 462E89301CD4B4F20068D7F8 /* Icon-40.png */; };
		462E894C1CD4B4F20068D7F8 /* Icon-40@2x.png in Resources */ = {isa = PBXBuildFile; fileRef = 462E89311CD4B4F20068D7F8 /* Icon-40@2x.png */; };
		462E894D1CD4B4F20068D7F8 /* Icon-40@3x.png in Resources */ = {isa = PBXBuildFile; fileRef = 462E89321CD4B4F20068D7F8 /* Icon-40@3x.png */; };
		462E894E1CD4B4F20068D7F8 /* Icon-60.png in Resources */ = {isa = PBXBuildFile; fileRef = 462E89331CD4B4F20068D7F8 /* Icon-60.png */; };
		462E894F1CD4B4F20068D7F8 /* Icon-60@2x.png in Resources */ = {isa = PBXBuildFile; fileRef = 462E89341CD4B4F20068D7F8 /* Icon-60@2x.png */; };
		462E89501CD4B4F20068D7F8 /* Icon-60@3x.png in Resources */ = {isa = PBXBuildFile; fileRef = 462E89351CD4B4F20068D7F8 /* Icon-60@3x.png */; };
		462E89511CD4B4F20068D7F8 /* Icon-72.png in Resources */ = {isa = PBXBuildFile; fileRef = 462E89361CD4B4F20068D7F8 /* Icon-72.png */; };
		462E89521CD4B4F20068D7F8 /* Icon-72@2x.png in Resources */ = {isa = PBXBuildFile; fileRef = 462E89371CD4B4F20068D7F8 /* Icon-72@2x.png */; };
		462E89531CD4B4F20068D7F8 /* Icon-72@3x.png in Resources */ = {isa = PBXBuildFile; fileRef = 462E89381CD4B4F20068D7F8 /* Icon-72@3x.png */; };
		462E89541CD4B4F20068D7F8 /* Icon-76.png in Resources */ = {isa = PBXBuildFile; fileRef = 462E89391CD4B4F20068D7F8 /* Icon-76.png */; };
		462E89551CD4B4F20068D7F8 /* Icon-76@2x.png in Resources */ = {isa = PBXBuildFile; fileRef = 462E893A1CD4B4F20068D7F8 /* Icon-76@2x.png */; };
		462E89561CD4B4F20068D7F8 /* Icon-76@3x.png in Resources */ = {isa = PBXBuildFile; fileRef = 462E893B1CD4B4F20068D7F8 /* Icon-76@3x.png */; };
		462E89571CD4B4F20068D7F8 /* Icon-86@2x.png in Resources */ = {isa = PBXBuildFile; fileRef = 462E893C1CD4B4F20068D7F8 /* Icon-86@2x.png */; };
		462E89581CD4B4F20068D7F8 /* Icon-96@2x.png in Resources */ = {isa = PBXBuildFile; fileRef = 462E893D1CD4B4F20068D7F8 /* Icon-96@2x.png */; };
		462E89591CD4B4F20068D7F8 /* Icon-Small-50.png in Resources */ = {isa = PBXBuildFile; fileRef = 462E893E1CD4B4F20068D7F8 /* Icon-Small-50.png */; };
		462E895A1CD4B4F20068D7F8 /* Icon-Small-50@2x.png in Resources */ = {isa = PBXBuildFile; fileRef = 462E893F1CD4B4F20068D7F8 /* Icon-Small-50@2x.png */; };
		462E895B1CD4B4F20068D7F8 /* Icon-Small-50@3x.png in Resources */ = {isa = PBXBuildFile; fileRef = 462E89401CD4B4F20068D7F8 /* Icon-Small-50@3x.png */; };
		462E895C1CD4B4F20068D7F8 /* Icon-Small.png in Resources */ = {isa = PBXBuildFile; fileRef = 462E89411CD4B4F20068D7F8 /* Icon-Small.png */; };
		462E895D1CD4B4F20068D7F8 /* Icon-Small@2x.png in Resources */ = {isa = PBXBuildFile; fileRef = 462E89421CD4B4F20068D7F8 /* Icon-Small@2x.png */; };
		462E895E1CD4B4F20068D7F8 /* Icon-Small@3x.png in Resources */ = {isa = PBXBuildFile; fileRef = 462E89431CD4B4F20068D7F8 /* Icon-Small@3x.png */; };
		462E895F1CD4B4F20068D7F8 /* Icon.png in Resources */ = {isa = PBXBuildFile; fileRef = 462E89441CD4B4F20068D7F8 /* Icon.png */; };
		462E89601CD4B4F20068D7F8 /* Icon@2x.png in Resources */ = {isa = PBXBuildFile; fileRef = 462E89451CD4B4F20068D7F8 /* Icon@2x.png */; };
		462E89611CD4B4F20068D7F8 /* Icon@3x.png in Resources */ = {isa = PBXBuildFile; fileRef = 462E89461CD4B4F20068D7F8 /* Icon@3x.png */; };
		462E89651CD4B4FB0068D7F8 /* iTunesArtwork.png in Resources */ = {isa = PBXBuildFile; fileRef = 462E89621CD4B4FB0068D7F8 /* iTunesArtwork.png */; };
		462E89661CD4B4FB0068D7F8 /* iTunesArtwork@2x.png in Resources */ = {isa = PBXBuildFile; fileRef = 462E89631CD4B4FB0068D7F8 /* iTunesArtwork@2x.png */; };
		462E89671CD4B4FB0068D7F8 /* iTunesArtwork@3x.png in Resources */ = {isa = PBXBuildFile; fileRef = 462E89641CD4B4FB0068D7F8 /* iTunesArtwork@3x.png */; };
		462E896A1CD4B8B80068D7F8 /* Settings.bundle in Resources */ = {isa = PBXBuildFile; fileRef = 462E89691CD4B8B80068D7F8 /* Settings.bundle */; };
		462E896C1CD4D8180068D7F8 /* Icon-83.5@2x.png in Resources */ = {isa = PBXBuildFile; fileRef = 462E896B1CD4D8180068D7F8 /* Icon-83.5@2x.png */; };
		46340FAD1CC5AA4900986ACE /* AppDelegate.swift in Sources */ = {isa = PBXBuildFile; fileRef = 46340FAC1CC5AA4900986ACE /* AppDelegate.swift */; };
		463410421CC5AA4900986ACE /* WorkSpace.swift in Sources */ = {isa = PBXBuildFile; fileRef = 463410411CC5AA4900986ACE /* WorkSpace.swift */; };
		463410451CC5AA4900986ACE /* Main.storyboard in Resources */ = {isa = PBXBuildFile; fileRef = 463410431CC5AA4900986ACE /* Main.storyboard */; };
		463410471CC5AA4A00986ACE /* Images.xcassets in Resources */ = {isa = PBXBuildFile; fileRef = 463410461CC5AA4A00986ACE /* Images.xcassets */; };
		4634104A1CC5AA4A00986ACE /* LaunchScreen.xib in Resources */ = {isa = PBXBuildFile; fileRef = 463410481CC5AA4A00986ACE /* LaunchScreen.xib */; };
/* End PBXBuildFile section */

/* Begin PBXFileReference section */
		16B62DF0D9EE7FEBB46A53C8 /* Pods-LightDJ.debug.xcconfig */ = {isa = PBXFileReference; includeInIndex = 1; lastKnownFileType = text.xcconfig; name = "Pods-LightDJ.debug.xcconfig"; path = "Pods/Target Support Files/Pods-LightDJ/Pods-LightDJ.debug.xcconfig"; sourceTree = "<group>"; };
		462E89291CD4B3370068D7F8 /* lightdjlogo.png */ = {isa = PBXFileReference; lastKnownFileType = image.png; path = lightdjlogo.png; sourceTree = "<group>"; };
		462E892C1CD4B4F20068D7F8 /* Icon-24@2x.png */ = {isa = PBXFileReference; lastKnownFileType = image.png; path = "Icon-24@2x.png"; sourceTree = "<group>"; };
		462E892D1CD4B4F20068D7F8 /* Icon-27.5@2x.png */ = {isa = PBXFileReference; lastKnownFileType = image.png; path = "Icon-27.5@2x.png"; sourceTree = "<group>"; };
		462E892E1CD4B4F20068D7F8 /* Icon-29@2x.png */ = {isa = PBXFileReference; lastKnownFileType = image.png; path = "Icon-29@2x.png"; sourceTree = "<group>"; };
		462E892F1CD4B4F20068D7F8 /* Icon-29@3x.png */ = {isa = PBXFileReference; lastKnownFileType = image.png; path = "Icon-29@3x.png"; sourceTree = "<group>"; };
		462E89301CD4B4F20068D7F8 /* Icon-40.png */ = {isa = PBXFileReference; lastKnownFileType = image.png; path = "Icon-40.png"; sourceTree = "<group>"; };
		462E89311CD4B4F20068D7F8 /* Icon-40@2x.png */ = {isa = PBXFileReference; lastKnownFileType = image.png; path = "Icon-40@2x.png"; sourceTree = "<group>"; };
		462E89321CD4B4F20068D7F8 /* Icon-40@3x.png */ = {isa = PBXFileReference; lastKnownFileType = image.png; path = "Icon-40@3x.png"; sourceTree = "<group>"; };
		462E89331CD4B4F20068D7F8 /* Icon-60.png */ = {isa = PBXFileReference; lastKnownFileType = image.png; path = "Icon-60.png"; sourceTree = "<group>"; };
		462E89341CD4B4F20068D7F8 /* Icon-60@2x.png */ = {isa = PBXFileReference; lastKnownFileType = image.png; path = "Icon-60@2x.png"; sourceTree = "<group>"; };
		462E89351CD4B4F20068D7F8 /* Icon-60@3x.png */ = {isa = PBXFileReference; lastKnownFileType = image.png; path = "Icon-60@3x.png"; sourceTree = "<group>"; };
		462E89361CD4B4F20068D7F8 /* Icon-72.png */ = {isa = PBXFileReference; lastKnownFileType = image.png; path = "Icon-72.png"; sourceTree = "<group>"; };
		462E89371CD4B4F20068D7F8 /* Icon-72@2x.png */ = {isa = PBXFileReference; lastKnownFileType = image.png; path = "Icon-72@2x.png"; sourceTree = "<group>"; };
		462E89381CD4B4F20068D7F8 /* Icon-72@3x.png */ = {isa = PBXFileReference; lastKnownFileType = image.png; path = "Icon-72@3x.png"; sourceTree = "<group>"; };
		462E89391CD4B4F20068D7F8 /* Icon-76.png */ = {isa = PBXFileReference; lastKnownFileType = image.png; path = "Icon-76.png"; sourceTree = "<group>"; };
		462E893A1CD4B4F20068D7F8 /* Icon-76@2x.png */ = {isa = PBXFileReference; lastKnownFileType = image.png; path = "Icon-76@2x.png"; sourceTree = "<group>"; };
		462E893B1CD4B4F20068D7F8 /* Icon-76@3x.png */ = {isa = PBXFileReference; lastKnownFileType = image.png; path = "Icon-76@3x.png"; sourceTree = "<group>"; };
		462E893C1CD4B4F20068D7F8 /* Icon-86@2x.png */ = {isa = PBXFileReference; lastKnownFileType = image.png; path = "Icon-86@2x.png"; sourceTree = "<group>"; };
		462E893D1CD4B4F20068D7F8 /* Icon-96@2x.png */ = {isa = PBXFileReference; lastKnownFileType = image.png; path = "Icon-96@2x.png"; sourceTree = "<group>"; };
		462E893E1CD4B4F20068D7F8 /* Icon-Small-50.png */ = {isa = PBXFileReference; lastKnownFileType = image.png; path = "Icon-Small-50.png"; sourceTree = "<group>"; };
		462E893F1CD4B4F20068D7F8 /* Icon-Small-50@2x.png */ = {isa = PBXFileReference; lastKnownFileType = image.png; path = "Icon-Small-50@2x.png"; sourceTree = "<group>"; };
		462E89401CD4B4F20068D7F8 /* Icon-Small-50@3x.png */ = {isa = PBXFileReference; lastKnownFileType = image.png; path = "Icon-Small-50@3x.png"; sourceTree = "<group>"; };
		462E89411CD4B4F20068D7F8 /* Icon-Small.png */ = {isa = PBXFileReference; lastKnownFileType = image.png; path = "Icon-Small.png"; sourceTree = "<group>"; };
		462E89421CD4B4F20068D7F8 /* Icon-Small@2x.png */ = {isa = PBXFileReference; lastKnownFileType = image.png; path = "Icon-Small@2x.png"; sourceTree = "<group>"; };
		462E89431CD4B4F20068D7F8 /* Icon-Small@3x.png */ = {isa = PBXFileReference; lastKnownFileType = image.png; path = "Icon-Small@3x.png"; sourceTree = "<group>"; };
		462E89441CD4B4F20068D7F8 /* Icon.png */ = {isa = PBXFileReference; lastKnownFileType = image.png; path = Icon.png; sourceTree = "<group>"; };
		462E89451CD4B4F20068D7F8 /* Icon@2x.png */ = {isa = PBXFileReference; lastKnownFileType = image.png; path = "Icon@2x.png"; sourceTree = "<group>"; };
		462E89461CD4B4F20068D7F8 /* Icon@3x.png */ = {isa = PBXFileReference; lastKnownFileType = image.png; path = "Icon@3x.png"; sourceTree = "<group>"; };
		462E89621CD4B4FB0068D7F8 /* iTunesArtwork.png */ = {isa = PBXFileReference; lastKnownFileType = image.png; path = iTunesArtwork.png; sourceTree = "<group>"; };
		462E89631CD4B4FB0068D7F8 /* iTunesArtwork@2x.png */ = {isa = PBXFileReference; lastKnownFileType = image.png; path = "iTunesArtwork@2x.png"; sourceTree = "<group>"; };
		462E89641CD4B4FB0068D7F8 /* iTunesArtwork@3x.png */ = {isa = PBXFileReference; lastKnownFileType = image.png; path = "iTunesArtwork@3x.png"; sourceTree = "<group>"; };
		462E89691CD4B8B80068D7F8 /* Settings.bundle */ = {isa = PBXFileReference; lastKnownFileType = "wrapper.plug-in"; path = Settings.bundle; sourceTree = "<group>"; };
		462E896B1CD4D8180068D7F8 /* Icon-83.5@2x.png */ = {isa = PBXFileReference; lastKnownFileType = image.png; path = "Icon-83.5@2x.png"; sourceTree = "<group>"; };
		46340FA91CC5AA4900986ACE /* LightDJPlayer.app */ = {isa = PBXFileReference; explicitFileType = wrapper.application; includeInIndex = 0; path = LightDJPlayer.app; sourceTree = BUILT_PRODUCTS_DIR; };
		46340FAC1CC5AA4900986ACE /* AppDelegate.swift */ = {isa = PBXFileReference; lastKnownFileType = sourcecode.swift; path = AppDelegate.swift; sourceTree = "<group>"; };
		463410411CC5AA4900986ACE /* WorkSpace.swift */ = {isa = PBXFileReference; lastKnownFileType = sourcecode.swift; path = WorkSpace.swift; sourceTree = "<group>"; };
		463410441CC5AA4900986ACE /* Base */ = {isa = PBXFileReference; lastKnownFileType = file.storyboard; name = Base; path = Base.lproj/Main.storyboard; sourceTree = "<group>"; };
		463410461CC5AA4A00986ACE /* Images.xcassets */ = {isa = PBXFileReference; lastKnownFileType = folder.assetcatalog; path = Images.xcassets; sourceTree = "<group>"; };
		463410491CC5AA4A00986ACE /* Base */ = {isa = PBXFileReference; lastKnownFileType = file.xib; name = Base; path = Base.lproj/LaunchScreen.xib; sourceTree = "<group>"; };
		4634104B1CC5AA4A00986ACE /* Info.plist */ = {isa = PBXFileReference; lastKnownFileType = text.plist.xml; path = Info.plist; sourceTree = "<group>"; };
		54268FFE72D2A06AF21BF116 /* Pods_LightDJ.framework */ = {isa = PBXFileReference; explicitFileType = wrapper.framework; includeInIndex = 0; path = Pods_LightDJ.framework; sourceTree = BUILT_PRODUCTS_DIR; };
		CF61A80AFA955360DB715B8D /* Pods-LightDJ.release.xcconfig */ = {isa = PBXFileReference; includeInIndex = 1; lastKnownFileType = text.xcconfig; name = "Pods-LightDJ.release.xcconfig"; path = "Pods/Target Support Files/Pods-LightDJ/Pods-LightDJ.release.xcconfig"; sourceTree = "<group>"; };
/* End PBXFileReference section */

/* Begin PBXFrameworksBuildPhase section */
		46340FA61CC5AA4900986ACE /* Frameworks */ = {
			isa = PBXFrameworksBuildPhase;
			buildActionMask = 2147483647;
			files = (
				45F64F81A6F61578C508407C /* Pods_LightDJ.framework in Frameworks */,
			);
			runOnlyForDeploymentPostprocessing = 0;
		};
/* End PBXFrameworksBuildPhase section */

/* Begin PBXGroup section */
		16F6A66855B169D33556DB18 /* Frameworks */ = {
			isa = PBXGroup;
			children = (
				54268FFE72D2A06AF21BF116 /* Pods_LightDJ.framework */,
			);
			name = Frameworks;
			sourceTree = "<group>";
		};
		462E89681CD4B5020068D7F8 /* Resources */ = {
			isa = PBXGroup;
			children = (
				462E89291CD4B3370068D7F8 /* lightdjlogo.png */,
				462E892C1CD4B4F20068D7F8 /* Icon-24@2x.png */,
				462E892D1CD4B4F20068D7F8 /* Icon-27.5@2x.png */,
				462E892E1CD4B4F20068D7F8 /* Icon-29@2x.png */,
				462E892F1CD4B4F20068D7F8 /* Icon-29@3x.png */,
				462E89301CD4B4F20068D7F8 /* Icon-40.png */,
				462E89311CD4B4F20068D7F8 /* Icon-40@2x.png */,
				462E89321CD4B4F20068D7F8 /* Icon-40@3x.png */,
				462E89331CD4B4F20068D7F8 /* Icon-60.png */,
				462E89341CD4B4F20068D7F8 /* Icon-60@2x.png */,
				462E89351CD4B4F20068D7F8 /* Icon-60@3x.png */,
				462E89361CD4B4F20068D7F8 /* Icon-72.png */,
				462E89371CD4B4F20068D7F8 /* Icon-72@2x.png */,
				462E89381CD4B4F20068D7F8 /* Icon-72@3x.png */,
				462E89391CD4B4F20068D7F8 /* Icon-76.png */,
				462E893A1CD4B4F20068D7F8 /* Icon-76@2x.png */,
				462E893B1CD4B4F20068D7F8 /* Icon-76@3x.png */,
				462E896B1CD4D8180068D7F8 /* Icon-83.5@2x.png */,
				462E893C1CD4B4F20068D7F8 /* Icon-86@2x.png */,
				462E893D1CD4B4F20068D7F8 /* Icon-96@2x.png */,
				462E893E1CD4B4F20068D7F8 /* Icon-Small-50.png */,
				462E893F1CD4B4F20068D7F8 /* Icon-Small-50@2x.png */,
				462E89401CD4B4F20068D7F8 /* Icon-Small-50@3x.png */,
				462E89411CD4B4F20068D7F8 /* Icon-Small.png */,
				462E89421CD4B4F20068D7F8 /* Icon-Small@2x.png */,
				462E89431CD4B4F20068D7F8 /* Icon-Small@3x.png */,
				462E89441CD4B4F20068D7F8 /* Icon.png */,
				462E89451CD4B4F20068D7F8 /* Icon@2x.png */,
				462E89461CD4B4F20068D7F8 /* Icon@3x.png */,
				462E89621CD4B4FB0068D7F8 /* iTunesArtwork.png */,
				462E89631CD4B4FB0068D7F8 /* iTunesArtwork@2x.png */,
				462E89641CD4B4FB0068D7F8 /* iTunesArtwork@3x.png */,
			);
			name = Resources;
			sourceTree = "<group>";
		};
		46340FA01CC5AA4900986ACE = {
			isa = PBXGroup;
			children = (
				46340FAB1CC5AA4900986ACE /* LightDJ */,
				46340FAA1CC5AA4900986ACE /* Products */,
				7487DDC47D0C1AC81450420C /* Pods */,
				16F6A66855B169D33556DB18 /* Frameworks */,
			);
			sourceTree = "<group>";
		};
		46340FAA1CC5AA4900986ACE /* Products */ = {
			isa = PBXGroup;
			children = (
				46340FA91CC5AA4900986ACE /* LightDJPlayer.app */,
			);
			name = Products;
			sourceTree = "<group>";
		};
		46340FAB1CC5AA4900986ACE /* LightDJ */ = {
			isa = PBXGroup;
			children = (
				462E89691CD4B8B80068D7F8 /* Settings.bundle */,
				462E89681CD4B5020068D7F8 /* Resources */,
				46340FAC1CC5AA4900986ACE /* AppDelegate.swift */,
				463410411CC5AA4900986ACE /* WorkSpace.swift */,
				463410431CC5AA4900986ACE /* Main.storyboard */,
				463410461CC5AA4A00986ACE /* Images.xcassets */,
				463410481CC5AA4A00986ACE /* LaunchScreen.xib */,
				4634104B1CC5AA4A00986ACE /* Info.plist */,
			);
			path = LightDJ;
			sourceTree = "<group>";
		};
		7487DDC47D0C1AC81450420C /* Pods */ = {
			isa = PBXGroup;
			children = (
				16B62DF0D9EE7FEBB46A53C8 /* Pods-LightDJ.debug.xcconfig */,
				CF61A80AFA955360DB715B8D /* Pods-LightDJ.release.xcconfig */,
			);
			name = Pods;
			sourceTree = "<group>";
		};
/* End PBXGroup section */

/* Begin PBXNativeTarget section */
		46340FA81CC5AA4900986ACE /* LightDJ */ = {
			isa = PBXNativeTarget;
			buildConfigurationList = 463410591CC5AA4A00986ACE /* Build configuration list for PBXNativeTarget "LightDJ" */;
			buildPhases = (
				47301069C37EDB65B8D9629D /* [CP] Check Pods Manifest.lock */,
				46340FA51CC5AA4900986ACE /* Sources */,
				46340FA61CC5AA4900986ACE /* Frameworks */,
				46340FA71CC5AA4900986ACE /* Resources */,
				15BE686231D45AB5061F2FFB /* [CP] Embed Pods Frameworks */,
				A2906157D966B9143ECADE2A /* [CP] Copy Pods Resources */,
			);
			buildRules = (
			);
			dependencies = (
			);
			name = LightDJ;
			productName = LightDJ;
			productReference = 46340FA91CC5AA4900986ACE /* LightDJPlayer.app */;
			productType = "com.apple.product-type.application";
		};
/* End PBXNativeTarget section */

/* Begin PBXProject section */
		46340FA11CC5AA4900986ACE /* Project object */ = {
			isa = PBXProject;
			attributes = {
				LastSwiftUpdateCheck = 0730;
				LastUpgradeCheck = 0910;
				ORGANIZATIONNAME = touyou;
				TargetAttributes = {
					46340FA81CC5AA4900986ACE = {
						CreatedOnToolsVersion = 7.3;
						DevelopmentTeam = B4S4333JDW;
						LastSwiftMigration = 0910;
					};
				};
			};
			buildConfigurationList = 46340FA41CC5AA4900986ACE /* Build configuration list for PBXProject "LightDJ" */;
			compatibilityVersion = "Xcode 3.2";
			developmentRegion = English;
			hasScannedForEncodings = 0;
			knownRegions = (
				en,
				Base,
			);
			mainGroup = 46340FA01CC5AA4900986ACE;
			productRefGroup = 46340FAA1CC5AA4900986ACE /* Products */;
			projectDirPath = "";
			projectRoot = "";
			targets = (
				46340FA81CC5AA4900986ACE /* LightDJ */,
			);
		};
/* End PBXProject section */

/* Begin PBXResourcesBuildPhase section */
		46340FA71CC5AA4900986ACE /* Resources */ = {
			isa = PBXResourcesBuildPhase;
			buildActionMask = 2147483647;
			files = (
				462E895A1CD4B4F20068D7F8 /* Icon-Small-50@2x.png in Resources */,
				462E89581CD4B4F20068D7F8 /* Icon-96@2x.png in Resources */,
				462E89651CD4B4FB0068D7F8 /* iTunesArtwork.png in Resources */,
				462E895D1CD4B4F20068D7F8 /* Icon-Small@2x.png in Resources */,
				462E895F1CD4B4F20068D7F8 /* Icon.png in Resources */,
				463410471CC5AA4A00986ACE /* Images.xcassets in Resources */,
				462E89481CD4B4F20068D7F8 /* Icon-27.5@2x.png in Resources */,
				462E894E1CD4B4F20068D7F8 /* Icon-60.png in Resources */,
				462E896C1CD4D8180068D7F8 /* Icon-83.5@2x.png in Resources */,
				462E892A1CD4B3370068D7F8 /* lightdjlogo.png in Resources */,
				462E895E1CD4B4F20068D7F8 /* Icon-Small@3x.png in Resources */,
				462E89611CD4B4F20068D7F8 /* Icon@3x.png in Resources */,
				462E89531CD4B4F20068D7F8 /* Icon-72@3x.png in Resources */,
				462E894F1CD4B4F20068D7F8 /* Icon-60@2x.png in Resources */,
				4634104A1CC5AA4A00986ACE /* LaunchScreen.xib in Resources */,
				462E89561CD4B4F20068D7F8 /* Icon-76@3x.png in Resources */,
				462E89601CD4B4F20068D7F8 /* Icon@2x.png in Resources */,
				462E894A1CD4B4F20068D7F8 /* Icon-29@3x.png in Resources */,
				462E896A1CD4B8B80068D7F8 /* Settings.bundle in Resources */,
				462E894B1CD4B4F20068D7F8 /* Icon-40.png in Resources */,
				462E895B1CD4B4F20068D7F8 /* Icon-Small-50@3x.png in Resources */,
				462E89511CD4B4F20068D7F8 /* Icon-72.png in Resources */,
				462E894C1CD4B4F20068D7F8 /* Icon-40@2x.png in Resources */,
				462E89571CD4B4F20068D7F8 /* Icon-86@2x.png in Resources */,
				462E89521CD4B4F20068D7F8 /* Icon-72@2x.png in Resources */,
				463410451CC5AA4900986ACE /* Main.storyboard in Resources */,
				462E89551CD4B4F20068D7F8 /* Icon-76@2x.png in Resources */,
				462E895C1CD4B4F20068D7F8 /* Icon-Small.png in Resources */,
				462E89491CD4B4F20068D7F8 /* Icon-29@2x.png in Resources */,
				462E89591CD4B4F20068D7F8 /* Icon-Small-50.png in Resources */,
				462E89661CD4B4FB0068D7F8 /* iTunesArtwork@2x.png in Resources */,
				462E89671CD4B4FB0068D7F8 /* iTunesArtwork@3x.png in Resources */,
				462E89541CD4B4F20068D7F8 /* Icon-76.png in Resources */,
				462E894D1CD4B4F20068D7F8 /* Icon-40@3x.png in Resources */,
				462E89501CD4B4F20068D7F8 /* Icon-60@3x.png in Resources */,
				462E89471CD4B4F20068D7F8 /* Icon-24@2x.png in Resources */,
			);
			runOnlyForDeploymentPostprocessing = 0;
		};
/* End PBXResourcesBuildPhase section */

/* Begin PBXShellScriptBuildPhase section */
		15BE686231D45AB5061F2FFB /* [CP] Embed Pods Frameworks */ = {
			isa = PBXShellScriptBuildPhase;
			buildActionMask = 2147483647;
			files = (
			);
			inputPaths = (
				"${SRCROOT}/Pods/Target Support Files/Pods-LightDJ/Pods-LightDJ-frameworks.sh",
				"${BUILT_PRODUCTS_DIR}/C4/C4.framework",
			);
			name = "[CP] Embed Pods Frameworks";
			outputPaths = (
				"${TARGET_BUILD_DIR}/${FRAMEWORKS_FOLDER_PATH}/C4.framework",
			);
			runOnlyForDeploymentPostprocessing = 0;
			shellPath = /bin/sh;
			shellScript = "\"${SRCROOT}/Pods/Target Support Files/Pods-LightDJ/Pods-LightDJ-frameworks.sh\"\n";
			showEnvVarsInLog = 0;
		};
		47301069C37EDB65B8D9629D /* [CP] Check Pods Manifest.lock */ = {
			isa = PBXShellScriptBuildPhase;
			buildActionMask = 2147483647;
			files = (
			);
			inputPaths = (
				"${PODS_PODFILE_DIR_PATH}/Podfile.lock",
				"${PODS_ROOT}/Manifest.lock",
			);
			name = "[CP] Check Pods Manifest.lock";
			outputPaths = (
				"$(DERIVED_FILE_DIR)/Pods-LightDJ-checkManifestLockResult.txt",
			);
			runOnlyForDeploymentPostprocessing = 0;
			shellPath = /bin/sh;
			shellScript = "diff \"${PODS_PODFILE_DIR_PATH}/Podfile.lock\" \"${PODS_ROOT}/Manifest.lock\" > /dev/null\nif [ $? != 0 ] ; then\n    # print error to STDERR\n    echo \"error: The sandbox is not in sync with the Podfile.lock. Run 'pod install' or update your CocoaPods installation.\" >&2\n    exit 1\nfi\n# This output is used by Xcode 'outputs' to avoid re-running this script phase.\necho \"SUCCESS\" > \"${SCRIPT_OUTPUT_FILE_0}\"\n";
			showEnvVarsInLog = 0;
		};
		A2906157D966B9143ECADE2A /* [CP] Copy Pods Resources */ = {
			isa = PBXShellScriptBuildPhase;
			buildActionMask = 2147483647;
			files = (
			);
			inputPaths = (
			);
			name = "[CP] Copy Pods Resources";
			outputPaths = (
			);
			runOnlyForDeploymentPostprocessing = 0;
			shellPath = /bin/sh;
			shellScript = "\"${SRCROOT}/Pods/Target Support Files/Pods-LightDJ/Pods-LightDJ-resources.sh\"\n";
			showEnvVarsInLog = 0;
		};
/* End PBXShellScriptBuildPhase section */

/* Begin PBXSourcesBuildPhase section */
		46340FA51CC5AA4900986ACE /* Sources */ = {
			isa = PBXSourcesBuildPhase;
			buildActionMask = 2147483647;
			files = (
				46340FAD1CC5AA4900986ACE /* AppDelegate.swift in Sources */,
				463410421CC5AA4900986ACE /* WorkSpace.swift in Sources */,
			);
			runOnlyForDeploymentPostprocessing = 0;
		};
/* End PBXSourcesBuildPhase section */

/* Begin PBXVariantGroup section */
		463410431CC5AA4900986ACE /* Main.storyboard */ = {
			isa = PBXVariantGroup;
			children = (
				463410441CC5AA4900986ACE /* Base */,
			);
			name = Main.storyboard;
			sourceTree = "<group>";
		};
		463410481CC5AA4A00986ACE /* LaunchScreen.xib */ = {
			isa = PBXVariantGroup;
			children = (
				463410491CC5AA4A00986ACE /* Base */,
			);
			name = LaunchScreen.xib;
			sourceTree = "<group>";
		};
/* End PBXVariantGroup section */

/* Begin XCBuildConfiguration section */
		463410571CC5AA4A00986ACE /* Debug */ = {
			isa = XCBuildConfiguration;
			buildSettings = {
				ALWAYS_SEARCH_USER_PATHS = NO;
				CLANG_ANALYZER_NONNULL = YES;
				CLANG_CXX_LANGUAGE_STANDARD = "gnu++0x";
				CLANG_CXX_LIBRARY = "libc++";
				CLANG_ENABLE_MODULES = YES;
				CLANG_ENABLE_OBJC_ARC = YES;
				CLANG_WARN_BLOCK_CAPTURE_AUTORELEASING = YES;
				CLANG_WARN_BOOL_CONVERSION = YES;
				CLANG_WARN_COMMA = YES;
				CLANG_WARN_CONSTANT_CONVERSION = YES;
				CLANG_WARN_DIRECT_OBJC_ISA_USAGE = YES_ERROR;
				CLANG_WARN_EMPTY_BODY = YES;
				CLANG_WARN_ENUM_CONVERSION = YES;
				CLANG_WARN_INFINITE_RECURSION = YES;
				CLANG_WARN_INT_CONVERSION = YES;
				CLANG_WARN_NON_LITERAL_NULL_CONVERSION = YES;
				CLANG_WARN_OBJC_LITERAL_CONVERSION = YES;
				CLANG_WARN_OBJC_ROOT_CLASS = YES_ERROR;
				CLANG_WARN_RANGE_LOOP_ANALYSIS = YES;
				CLANG_WARN_STRICT_PROTOTYPES = YES;
				CLANG_WARN_SUSPICIOUS_MOVE = YES;
				CLANG_WARN_UNREACHABLE_CODE = YES;
				CLANG_WARN__DUPLICATE_METHOD_MATCH = YES;
				"CODE_SIGN_IDENTITY[sdk=iphoneos*]" = "iPhone Developer";
				COPY_PHASE_STRIP = NO;
				DEBUG_INFORMATION_FORMAT = "dwarf-with-dsym";
				ENABLE_STRICT_OBJC_MSGSEND = YES;
				ENABLE_TESTABILITY = YES;
				GCC_C_LANGUAGE_STANDARD = gnu99;
				GCC_DYNAMIC_NO_PIC = NO;
				GCC_NO_COMMON_BLOCKS = YES;
				GCC_OPTIMIZATION_LEVEL = 0;
				GCC_PREPROCESSOR_DEFINITIONS = (
					"DEBUG=1",
					"$(inherited)",
				);
				GCC_WARN_64_TO_32_BIT_CONVERSION = YES;
				GCC_WARN_ABOUT_RETURN_TYPE = YES_ERROR;
				GCC_WARN_UNDECLARED_SELECTOR = YES;
				GCC_WARN_UNINITIALIZED_AUTOS = YES_AGGRESSIVE;
				GCC_WARN_UNUSED_FUNCTION = YES;
				GCC_WARN_UNUSED_VARIABLE = YES;
				IPHONEOS_DEPLOYMENT_TARGET = 9.3;
				MTL_ENABLE_DEBUG_INFO = YES;
				ONLY_ACTIVE_ARCH = YES;
				SDKROOT = iphoneos;
				SWIFT_OPTIMIZATION_LEVEL = "-Onone";
			};
			name = Debug;
		};
		463410581CC5AA4A00986ACE /* Release */ = {
			isa = XCBuildConfiguration;
			buildSettings = {
				ALWAYS_SEARCH_USER_PATHS = NO;
				CLANG_ANALYZER_NONNULL = YES;
				CLANG_CXX_LANGUAGE_STANDARD = "gnu++0x";
				CLANG_CXX_LIBRARY = "libc++";
				CLANG_ENABLE_MODULES = YES;
				CLANG_ENABLE_OBJC_ARC = YES;
				CLANG_WARN_BLOCK_CAPTURE_AUTORELEASING = YES;
				CLANG_WARN_BOOL_CONVERSION = YES;
				CLANG_WARN_COMMA = YES;
				CLANG_WARN_CONSTANT_CONVERSION = YES;
				CLANG_WARN_DIRECT_OBJC_ISA_USAGE = YES_ERROR;
				CLANG_WARN_EMPTY_BODY = YES;
				CLANG_WARN_ENUM_CONVERSION = YES;
				CLANG_WARN_INFINITE_RECURSION = YES;
				CLANG_WARN_INT_CONVERSION = YES;
				CLANG_WARN_NON_LITERAL_NULL_CONVERSION = YES;
				CLANG_WARN_OBJC_LITERAL_CONVERSION = YES;
				CLANG_WARN_OBJC_ROOT_CLASS = YES_ERROR;
				CLANG_WARN_RANGE_LOOP_ANALYSIS = YES;
				CLANG_WARN_STRICT_PROTOTYPES = YES;
				CLANG_WARN_SUSPICIOUS_MOVE = YES;
				CLANG_WARN_UNREACHABLE_CODE = YES;
				CLANG_WARN__DUPLICATE_METHOD_MATCH = YES;
				"CODE_SIGN_IDENTITY[sdk=iphoneos*]" = "iPhone Developer";
				COPY_PHASE_STRIP = NO;
				DEBUG_INFORMATION_FORMAT = "dwarf-with-dsym";
				ENABLE_NS_ASSERTIONS = NO;
				ENABLE_STRICT_OBJC_MSGSEND = YES;
				GCC_C_LANGUAGE_STANDARD = gnu99;
				GCC_NO_COMMON_BLOCKS = YES;
				GCC_WARN_64_TO_32_BIT_CONVERSION = YES;
				GCC_WARN_ABOUT_RETURN_TYPE = YES_ERROR;
				GCC_WARN_UNDECLARED_SELECTOR = YES;
				GCC_WARN_UNINITIALIZED_AUTOS = YES_AGGRESSIVE;
				GCC_WARN_UNUSED_FUNCTION = YES;
				GCC_WARN_UNUSED_VARIABLE = YES;
				IPHONEOS_DEPLOYMENT_TARGET = 9.3;
				MTL_ENABLE_DEBUG_INFO = NO;
				SDKROOT = iphoneos;
				SWIFT_OPTIMIZATION_LEVEL = "-Owholemodule";
				VALIDATE_PRODUCT = YES;
			};
			name = Release;
		};
		4634105A1CC5AA4A00986ACE /* Debug */ = {
			isa = XCBuildConfiguration;
			baseConfigurationReference = 16B62DF0D9EE7FEBB46A53C8 /* Pods-LightDJ.debug.xcconfig */;
			buildSettings = {
				ASSETCATALOG_COMPILER_APPICON_NAME = AppIcon;
				CODE_SIGN_IDENTITY = "iPhone Developer";
				INFOPLIST_FILE = LightDJ/Info.plist;
				LD_RUNPATH_SEARCH_PATHS = "$(inherited) @executable_path/Frameworks";
				PRODUCT_BUNDLE_IDENTIFIER = com.dev.touyou.LightPlayer;
				PRODUCT_NAME = "$(TARGET_NAME)Player";
				SWIFT_SWIFT3_OBJC_INFERENCE = On;
				SWIFT_VERSION = 4.0;
				TARGETED_DEVICE_FAMILY = "1,2";
			};
			name = Debug;
		};
		4634105B1CC5AA4A00986ACE /* Release */ = {
			isa = XCBuildConfiguration;
			baseConfigurationReference = CF61A80AFA955360DB715B8D /* Pods-LightDJ.release.xcconfig */;
			buildSettings = {
				ASSETCATALOG_COMPILER_APPICON_NAME = AppIcon;
				CODE_SIGN_IDENTITY = "iPhone Developer";
				INFOPLIST_FILE = LightDJ/Info.plist;
				LD_RUNPATH_SEARCH_PATHS = "$(inherited) @executable_path/Frameworks";
				PRODUCT_BUNDLE_IDENTIFIER = com.dev.touyou.LightPlayer;
				PRODUCT_NAME = "$(TARGET_NAME)Player";
				SWIFT_SWIFT3_OBJC_INFERENCE = On;
				SWIFT_VERSION = 4.0;
				TARGETED_DEVICE_FAMILY = "1,2";
			};
			name = Release;
		};
/* End XCBuildConfiguration section */

/* Begin XCConfigurationList section */
		46340FA41CC5AA4900986ACE /* Build configuration list for PBXProject "LightDJ" */ = {
			isa = XCConfigurationList;
			buildConfigurations = (
				463410571CC5AA4A00986ACE /* Debug */,
				463410581CC5AA4A00986ACE /* Release */,
			);
			defaultConfigurationIsVisible = 0;
			defaultConfigurationName = Release;
		};
		463410591CC5AA4A00986ACE /* Build configuration list for PBXNativeTarget "LightDJ" */ = {
			isa = XCConfigurationList;
			buildConfigurations = (
				4634105A1CC5AA4A00986ACE /* Debug */,
				4634105B1CC5AA4A00986ACE /* Release */,
			);
			defaultConfigurationIsVisible = 0;
			defaultConfigurationName = Release;
		};
/* End XCConfigurationList section */
	};
	rootObject = 46340FA11CC5AA4900986ACE /* Project object */;
}
